<?xml version="1.0" encoding="utf-8"?>
<Project ToolsVersion="4.0" xmlns="http://schemas.microsoft.com/developer/msbuild/2003">
  <ItemGroup>
    <Filter Include="Resources">
      <UniqueIdentifier>{e296f573-a2d4-44b9-b60d-18f22841f838}</UniqueIdentifier>
    </Filter>
    <Filter Include="_Dependencies">
      <UniqueIdentifier>{d4f0a1c0-ad8f-4c02-a589-c2bd0b12969a}</UniqueIdentifier>
    </Filter>
    <Filter Include="_Dependencies\ImGUI">
      <UniqueIdentifier>{c0511e3e-620e-41cf-a8de-32a2093114ca}</UniqueIdentifier>
    </Filter>
    <Filter Include="01-Framework">
      <UniqueIdentifier>{3260177b-01ac-4128-95f5-7b6f3ccfe08b}</UniqueIdentifier>
    </Filter>
    <Filter Include="02-Templates">
      <UniqueIdentifier>{c83ea01f-5fb9-455e-935e-1ff45c610ff1}</UniqueIdentifier>
    </Filter>
    <Filter Include="02-Templates\01-Creational">
      <UniqueIdentifier>{29717ce6-5d58-4f1a-8c9a-adc2b088fc0a}</UniqueIdentifier>
    </Filter>
    <Filter Include="02-Templates\02-Structural">
      <UniqueIdentifier>{f1b87cda-6ffa-4658-9f9a-ac207497e9a3}</UniqueIdentifier>
    </Filter>
    <Filter Include="02-Templates\03-Behavioral">
      <UniqueIdentifier>{2b526744-919a-4fb6-9781-1533275dba2e}</UniqueIdentifier>
    </Filter>
  </ItemGroup>
  <ItemGroup>
    <ResourceCompile Include="DesignPattern.rc">
      <Filter>Resources</Filter>
    </ResourceCompile>
  </ItemGroup>
  <ItemGroup>
    <Image Include="icon.ico">
      <Filter>Resources</Filter>
    </Image>
  </ItemGroup>
  <ItemGroup>
    <ClInclude Include="Scripts\Framework\Include\resource.h">
      <Filter>Resources</Filter>
    </ClInclude>
    <ClInclude Include="Scripts\Framework\Include\application.h">
      <Filter>01-Framework</Filter>
    </ClInclude>
    <ClInclude Include="Scripts\Framework\Include\resources_manager.h">
      <Filter>01-Framework</Filter>
    </ClInclude>
    <ClInclude Include="Scripts\Framework\Include\example.h">
      <Filter>01-Framework</Filter>
    </ClInclude>
    <ClInclude Include="Scripts\Framework\Include\example_manager.h">
      <Filter>01-Framework</Filter>
    </ClInclude>
    <ClInclude Include="Scripts\Templates\2.abstract_factory.h">
      <Filter>02-Templates\01-Creational</Filter>
    </ClInclude>
    <ClInclude Include="Scripts\Templates\3.builder.h">
      <Filter>02-Templates\01-Creational</Filter>
    </ClInclude>
    <ClInclude Include="Scripts\Templates\1.factory_method.h">
      <Filter>02-Templates\01-Creational</Filter>
    </ClInclude>
    <ClInclude Include="Scripts\Templates\4.prototype.h">
      <Filter>02-Templates\01-Creational</Filter>
    </ClInclude>
    <ClInclude Include="Scripts\Templates\5.singleton.h">
      <Filter>02-Templates\01-Creational</Filter>
    </ClInclude>
    <ClInclude Include="Scripts\Templates\1.adapter.h">
      <Filter>02-Templates\02-Structural</Filter>
    </ClInclude>
    <ClInclude Include="Scripts\Framework\Include\font_wrapper.h">
      <Filter>01-Framework</Filter>
    </ClInclude>
    <ClInclude Include="Scripts\Templates\2.bridge.h">
      <Filter>02-Templates\02-Structural</Filter>
    </ClInclude>
    <ClInclude Include="Scripts\Templates\3.composite.h">
      <Filter>02-Templates\02-Structural</Filter>
    </ClInclude>
    <ClInclude Include="Scripts\Templates\4.decorator.h">
      <Filter>02-Templates\02-Structural</Filter>
    </ClInclude>
    <ClInclude Include="Scripts\Templates\5.facade.h">
      <Filter>02-Templates\02-Structural</Filter>
    </ClInclude>
    <ClInclude Include="Scripts\Templates\6.flyweight.h">
      <Filter>02-Templates\02-Structural</Filter>
    </ClInclude>
    <ClInclude Include="Scripts\Templates\7.proxy.h">
      <Filter>02-Templates\02-Structural</Filter>
    </ClInclude>
    <ClInclude Include="Scripts\Templates\1.chain_of_responsibility.h">
      <Filter>02-Templates\03-Behavioral</Filter>
    </ClInclude>
    <ClInclude Include="Scripts\Templates\2.command.h">
      <Filter>02-Templates\03-Behavioral</Filter>
    </ClInclude>
    <ClInclude Include="Scripts\Templates\3.iterator.h">
      <Filter>02-Templates\03-Behavioral</Filter>
    </ClInclude>
    <ClInclude Include="Scripts\Templates\4.mediator.h">
      <Filter>02-Templates\03-Behavioral</Filter>
    </ClInclude>
    <ClInclude Include="Scripts\Templates\5.memento.h">
      <Filter>02-Templates\03-Behavioral</Filter>
    </ClInclude>
    <ClInclude Include="Scripts\Templates\6.observer.h">
      <Filter>02-Templates\03-Behavioral</Filter>
    </ClInclude>
    <ClInclude Include="Scripts\Templates\7.state.h">
      <Filter>02-Templates\03-Behavioral</Filter>
    </ClInclude>
    <ClInclude Include="Scripts\Templates\8.strategy.h">
      <Filter>02-Templates\03-Behavioral</Filter>
    </ClInclude>
    <ClInclude Include="Scripts\Templates\9.template_method.h">
      <Filter>02-Templates\03-Behavioral</Filter>
    </ClInclude>
    <ClInclude Include="Scripts\Templates\10.visitor.h">
      <Filter>02-Templates\03-Behavioral</Filter>
    </ClInclude>
    <ClInclude Include="Scripts\Templates\11.interpreter.h">
      <Filter>02-Templates\03-Behavioral</Filter>
    </ClInclude>
    <ClInclude Include="Scripts\Framework\Include\timer.h">
      <Filter>01-Framework</Filter>
    </ClInclude>
    <ClInclude Include="Scripts\Framework\Include\atlas.h">
      <Filter>01-Framework</Filter>
    </ClInclude>
    <ClInclude Include="Scripts\Framework\Include\animation.h">
      <Filter>01-Framework</Filter>
    </ClInclude>
    <ClInclude Include="Scripts\Framework\Include\vector2.h">
      <Filter>01-Framework</Filter>
    </ClInclude>
  </ItemGroup>
  <ItemGroup>
    <ClCompile Include="Scripts\Framework\Source\application.cpp">
      <Filter>01-Framework</Filter>
    </ClCompile>
    <ClCompile Include="Scripts\Framework\Source\resources_manager.cpp">
      <Filter>01-Framework</Filter>
    </ClCompile>
    <ClCompile Include="Scripts\Framework\Source\example_manager.cpp">
      <Filter>01-Framework</Filter>
    </ClCompile>
    <ClCompile Include="Scripts\Templates\2.abstract_factory.cpp">
      <Filter>02-Templates\01-Creational</Filter>
    </ClCompile>
    <ClCompile Include="Scripts\Templates\3.builder.cpp">
      <Filter>02-Templates\01-Creational</Filter>
    </ClCompile>
    <ClCompile Include="Scripts\Templates\1.factory_method.cpp">
      <Filter>02-Templates\01-Creational</Filter>
    </ClCompile>
    <ClCompile Include="Scripts\Templates\4.prototype.cpp">
      <Filter>02-Templates\01-Creational</Filter>
    </ClCompile>
    <ClCompile Include="Scripts\Templates\5.singleton.cpp">
      <Filter>02-Templates\01-Creational</Filter>
    </ClCompile>
    <ClCompile Include="Scripts\Templates\1.adapter.cpp">
      <Filter>02-Templates\02-Structural</Filter>
    </ClCompile>
    <ClCompile Include="Scripts\Templates\2.bridge.cpp">
      <Filter>02-Templates\02-Structural</Filter>
    </ClCompile>
    <ClCompile Include="..\Dependencies\imgui\imgui.cpp">
      <Filter>_Dependencies\ImGUI</Filter>
    </ClCompile>
    <ClCompile Include="..\Dependencies\imgui\imgui_draw.cpp">
      <Filter>_Dependencies\ImGUI</Filter>
    </ClCompile>
    <ClCompile Include="..\Dependencies\imgui\imgui_impl_sdl.cpp">
      <Filter>_Dependencies\ImGUI</Filter>
    </ClCompile>
    <ClCompile Include="..\Dependencies\imgui\imgui_impl_sdlrenderer.cpp">
      <Filter>_Dependencies\ImGUI</Filter>
    </ClCompile>
    <ClCompile Include="..\Dependencies\imgui\imgui_stdlib.cpp">
      <Filter>_Dependencies\ImGUI</Filter>
    </ClCompile>
    <ClCompile Include="..\Dependencies\imgui\imgui_tables.cpp">
      <Filter>_Dependencies\ImGUI</Filter>
    </ClCompile>
    <ClCompile Include="..\Dependencies\imgui\imgui_widgets.cpp">
      <Filter>_Dependencies\ImGUI</Filter>
    </ClCompile>
    <ClCompile Include="Scripts\Templates\3.composite.cpp">
      <Filter>02-Templates\02-Structural</Filter>
    </ClCompile>
    <ClCompile Include="Scripts\Templates\4.decorator.cpp">
      <Filter>02-Templates\02-Structural</Filter>
    </ClCompile>
    <ClCompile Include="Scripts\Templates\5.facade.cpp">
      <Filter>02-Templates\02-Structural</Filter>
    </ClCompile>
    <ClCompile Include="Scripts\Templates\6.flyweight.cpp">
      <Filter>02-Templates\02-Structural</Filter>
    </ClCompile>
    <ClCompile Include="Scripts\Templates\7.proxy.cpp">
      <Filter>02-Templates\02-Structural</Filter>
    </ClCompile>
    <ClCompile Include="Scripts\Templates\1.chain_of_responsibility.cpp">
      <Filter>02-Templates\03-Behavioral</Filter>
    </ClCompile>
    <ClCompile Include="Scripts\Templates\2.command.cpp">
      <Filter>02-Templates\03-Behavioral</Filter>
    </ClCompile>
    <ClCompile Include="Scripts\Templates\3.iterator.cpp">
      <Filter>02-Templates\03-Behavioral</Filter>
    </ClCompile>
    <ClCompile Include="Scripts\Templates\4.mediator.cpp">
      <Filter>02-Templates\03-Behavioral</Filter>
    </ClCompile>
    <ClCompile Include="Scripts\Templates\5.memento.cpp">
      <Filter>02-Templates\03-Behavioral</Filter>
    </ClCompile>
    <ClCompile Include="Scripts\Templates\6.observer.cpp">
      <Filter>02-Templates\03-Behavioral</Filter>
    </ClCompile>
    <ClCompile Include="Scripts\Templates\7.state.cpp">
      <Filter>02-Templates\03-Behavioral</Filter>
    </ClCompile>
    <ClCompile Include="Scripts\Templates\8.strategy.cpp">
      <Filter>02-Templates\03-Behavioral</Filter>
    </ClCompile>
    <ClCompile Include="Scripts\Templates\9.template_method.cpp">
      <Filter>02-Templates\03-Behavioral</Filter>
    </ClCompile>
    <ClCompile Include="Scripts\Templates\10.visitor.cpp">
      <Filter>02-Templates\03-Behavioral</Filter>
    </ClCompile>
    <ClCompile Include="Scripts\Templates\11.interpreter.cpp">
      <Filter>02-Templates\03-Behavioral</Filter>
    </ClCompile>
    <ClCompile Include="Scripts\Main.cpp" />
    <ClCompile Include="..\Dependencies\imgui\TextEditor.cpp">
      <Filter>_Dependencies\ImGUI</Filter>
    </ClCompile>
    <ClCompile Include="Scripts\Templates\2.bridge_raylib_impl.cpp">
      <Filter>02-Templates\02-Structural</Filter>
    </ClCompile>
    <ClCompile Include="Scripts\Templates\2.bridge_easyx_impl.cpp">
      <Filter>02-Templates\02-Structural</Filter>
    </ClCompile>
  </ItemGroup>
</Project>