<?xml version="1.0" encoding="utf-8"?>
<Project ToolsVersion="4.0" xmlns="http://schemas.microsoft.com/developer/msbuild/2003">
  <ItemGroup>
    <Filter Include="_Dependencies">
      <UniqueIdentifier>{d4f0a1c0-ad8f-4c02-a589-c2bd0b12969a}</UniqueIdentifier>
    </Filter>
    <Filter Include="_Dependencies\ImGUI">
      <UniqueIdentifier>{c0511e3e-620e-41cf-a8de-32a2093114ca}</UniqueIdentifier>
    </Filter>
    <Filter Include="01-Framework">
      <UniqueIdentifier>{3260177b-01ac-4128-95f5-7b6f3ccfe08b}</UniqueIdentifier>
    </Filter>
    <Filter Include="02-Templates">
      <UniqueIdentifier>{c83ea01f-5fb9-455e-935e-1ff45c610ff1}</UniqueIdentifier>
    </Filter>
    <Filter Include="02-Templates\01-Creational">
      <UniqueIdentifier>{29717ce6-5d58-4f1a-8c9a-adc2b088fc0a}</UniqueIdentifier>
    </Filter>
    <Filter Include="02-Templates\02-Structural">
      <UniqueIdentifier>{f1b87cda-6ffa-4658-9f9a-ac207497e9a3}</UniqueIdentifier>
    </Filter>
    <Filter Include="02-Templates\03-Behavioral">
      <UniqueIdentifier>{2b526744-919a-4fb6-9781-1533275dba2e}</UniqueIdentifier>
    </Filter>
    <Filter Include="03-Resources">
      <UniqueIdentifier>{e296f573-a2d4-44b9-b60d-18f22841f838}</UniqueIdentifier>
    </Filter>
    <Filter Include="01-Framework\Include">
      <UniqueIdentifier>{8ff332d9-2ed2-4147-9b22-3674e52f2d56}</UniqueIdentifier>
    </Filter>
    <Filter Include="01-Framework\Source">
      <UniqueIdentifier>{614c1ffa-6913-46eb-a44c-cdba4c761461}</UniqueIdentifier>
    </Filter>
    <Filter Include="02-Templates\01-Creational\01-FactoryMethod">
      <UniqueIdentifier>{3d0fbe8e-f24f-431a-a260-24c89475bbd5}</UniqueIdentifier>
    </Filter>
    <Filter Include="02-Templates\01-Creational\02-AbstractFactory">
      <UniqueIdentifier>{abb69864-6eec-436e-bd0f-ae65185ee17a}</UniqueIdentifier>
    </Filter>
    <Filter Include="02-Templates\01-Creational\03-Builder">
      <UniqueIdentifier>{203298dc-9e35-470c-b9eb-526f8c8ec4ad}</UniqueIdentifier>
    </Filter>
    <Filter Include="02-Templates\01-Creational\04-Prototype">
      <UniqueIdentifier>{84a5e2d6-bd0e-4284-af79-6a0016ff945a}</UniqueIdentifier>
    </Filter>
    <Filter Include="02-Templates\01-Creational\05-Singleton">
      <UniqueIdentifier>{e66fda61-c5b4-43fc-8a07-7943c3647a14}</UniqueIdentifier>
    </Filter>
    <Filter Include="02-Templates\02-Structural\01-Adapter">
      <UniqueIdentifier>{ad00b9a0-810f-46a6-a5ff-f98afb09fe85}</UniqueIdentifier>
    </Filter>
    <Filter Include="02-Templates\02-Structural\02-Bridge">
      <UniqueIdentifier>{9151cfcb-ee3b-41fe-9402-862edf04887f}</UniqueIdentifier>
    </Filter>
    <Filter Include="02-Templates\02-Structural\03-Composite">
      <UniqueIdentifier>{cfac9507-62e7-4841-b350-792ead03540e}</UniqueIdentifier>
    </Filter>
    <Filter Include="02-Templates\02-Structural\04-Decorator">
      <UniqueIdentifier>{3e7df333-a327-470b-80f7-26124f320889}</UniqueIdentifier>
    </Filter>
    <Filter Include="02-Templates\02-Structural\05-Facade">
      <UniqueIdentifier>{c8018a69-bec4-4fe3-a706-61fea5d13e91}</UniqueIdentifier>
    </Filter>
    <Filter Include="02-Templates\02-Structural\07-Proxy">
      <UniqueIdentifier>{87b67354-5e12-44b9-9692-503874222f5e}</UniqueIdentifier>
    </Filter>
    <Filter Include="02-Templates\03-Behavioral\01-ChainOfResponsibility">
      <UniqueIdentifier>{91624af9-87aa-46d0-b718-08559f84a5ee}</UniqueIdentifier>
    </Filter>
    <Filter Include="02-Templates\03-Behavioral\02-Command">
      <UniqueIdentifier>{cf337ade-1090-41b4-9999-e22a078f248b}</UniqueIdentifier>
    </Filter>
    <Filter Include="02-Templates\03-Behavioral\03-Iterator">
      <UniqueIdentifier>{b9b84f1d-2147-49cc-a2ef-2780cd5d90e4}</UniqueIdentifier>
    </Filter>
    <Filter Include="02-Templates\03-Behavioral\04-Mediator">
      <UniqueIdentifier>{95ebe82a-2cc5-416e-b40e-491e8a7bddc1}</UniqueIdentifier>
    </Filter>
    <Filter Include="02-Templates\03-Behavioral\05-Memento">
      <UniqueIdentifier>{50ed82f8-d58f-4b8d-9595-0bcfd5f6bf4a}</UniqueIdentifier>
    </Filter>
    <Filter Include="02-Templates\03-Behavioral\06-Observer">
      <UniqueIdentifier>{9dc0efbd-37c7-42ab-b513-103c63fc45eb}</UniqueIdentifier>
    </Filter>
    <Filter Include="02-Templates\03-Behavioral\07-State">
      <UniqueIdentifier>{20197a27-ad90-4a13-b3ce-caed38db3d4d}</UniqueIdentifier>
    </Filter>
    <Filter Include="02-Templates\03-Behavioral\08-Strategy">
      <UniqueIdentifier>{e20182a9-8c34-4ea1-88c4-61a67edc057d}</UniqueIdentifier>
    </Filter>
    <Filter Include="02-Templates\03-Behavioral\09-TemplateMethod">
      <UniqueIdentifier>{250a976a-e985-433d-bdc2-9b10c622b0fd}</UniqueIdentifier>
    </Filter>
    <Filter Include="02-Templates\03-Behavioral\10-Visitor">
      <UniqueIdentifier>{b50eedad-25d2-4a1e-a928-da82c9b66d22}</UniqueIdentifier>
    </Filter>
    <Filter Include="02-Templates\03-Behavioral\11-Interpreter">
      <UniqueIdentifier>{3806411c-50bb-462f-ae69-03bb3d081eb0}</UniqueIdentifier>
    </Filter>
    <Filter Include="02-Templates\02-Structural\06-Flyweight">
      <UniqueIdentifier>{0e46d8ef-60b2-4597-912d-add8422bb7a4}</UniqueIdentifier>
    </Filter>
  </ItemGroup>
  <ItemGroup>
    <ResourceCompile Include="Scripts\03-Resources\DesignPattern.rc">
      <Filter>03-Resources</Filter>
    </ResourceCompile>
  </ItemGroup>
  <ItemGroup>
    <Image Include="Scripts\03-Resources\icon.ico">
      <Filter>03-Resources</Filter>
    </Image>
  </ItemGroup>
  <ItemGroup>
    <ClInclude Include="Scripts\03-Resources\resource.h">
      <Filter>03-Resources</Filter>
    </ClInclude>
    <ClInclude Include="Scripts\01-Framework\Include\Animation.h">
      <Filter>01-Framework\Include</Filter>
    </ClInclude>
    <ClInclude Include="Scripts\01-Framework\Include\Atlas.h">
      <Filter>01-Framework\Include</Filter>
    </ClInclude>
    <ClInclude Include="Scripts\01-Framework\Include\Application.h">
      <Filter>01-Framework\Include</Filter>
    </ClInclude>
    <ClInclude Include="Scripts\01-Framework\Include\Example.h">
      <Filter>01-Framework\Include</Filter>
    </ClInclude>
    <ClInclude Include="Scripts\01-Framework\Include\ExampleManager.h">
      <Filter>01-Framework\Include</Filter>
    </ClInclude>
    <ClInclude Include="Scripts\01-Framework\Include\FontWrapper.h">
      <Filter>01-Framework\Include</Filter>
    </ClInclude>
    <ClInclude Include="Scripts\01-Framework\Include\ResourceManager.h">
      <Filter>01-Framework\Include</Filter>
    </ClInclude>
    <ClInclude Include="Scripts\01-Framework\Include\Timer.h">
      <Filter>01-Framework\Include</Filter>
    </ClInclude>
    <ClInclude Include="Scripts\01-Framework\Include\Vector2.h">
      <Filter>01-Framework\Include</Filter>
    </ClInclude>
    <ClInclude Include="Scripts\02-Templates\01-Creational\01-FactoryMethod\FactoryMethod.h">
      <Filter>02-Templates\01-Creational\01-FactoryMethod</Filter>
    </ClInclude>
    <ClInclude Include="Scripts\02-Templates\01-Creational\02-AbstractFactory\AbstractFactory.h">
      <Filter>02-Templates\01-Creational\02-AbstractFactory</Filter>
    </ClInclude>
    <ClInclude Include="Scripts\02-Templates\01-Creational\03-Builder\Builder.h">
      <Filter>02-Templates\01-Creational\03-Builder</Filter>
    </ClInclude>
    <ClInclude Include="Scripts\02-Templates\01-Creational\04-Prototype\Prototype.h">
      <Filter>02-Templates\01-Creational\04-Prototype</Filter>
    </ClInclude>
    <ClInclude Include="Scripts\02-Templates\01-Creational\05-Singleton\Singleton.h">
      <Filter>02-Templates\01-Creational\05-Singleton</Filter>
    </ClInclude>
    <ClInclude Include="Scripts\02-Templates\02-Structural\01-Adapter\Adapter.h">
      <Filter>02-Templates\02-Structural\01-Adapter</Filter>
    </ClInclude>
    <ClInclude Include="Scripts\02-Templates\02-Structural\02-Bridge\Bridge.h">
      <Filter>02-Templates\02-Structural\02-Bridge</Filter>
    </ClInclude>
    <ClInclude Include="Scripts\02-Templates\02-Structural\03-Composite\Composite.h">
      <Filter>02-Templates\02-Structural\03-Composite</Filter>
    </ClInclude>
    <ClInclude Include="Scripts\02-Templates\02-Structural\04-Decorator\Decorator.h">
      <Filter>02-Templates\02-Structural\04-Decorator</Filter>
    </ClInclude>
    <ClInclude Include="Scripts\02-Templates\02-Structural\05-Facade\Facade.h">
      <Filter>02-Templates\02-Structural\05-Facade</Filter>
    </ClInclude>
    <ClInclude Include="Scripts\02-Templates\02-Structural\06-Flyweight\Flyweight.h">
      <Filter>02-Templates\02-Structural\06-Flyweight</Filter>
    </ClInclude>
    <ClInclude Include="Scripts\02-Templates\02-Structural\07-Proxy\Proxy.h">
      <Filter>02-Templates\02-Structural\07-Proxy</Filter>
    </ClInclude>
    <ClInclude Include="Scripts\02-Templates\03-Behavioral\01-ChainOfResonsibility\ChainOfResponsibility.h">
      <Filter>02-Templates\03-Behavioral\01-ChainOfResponsibility</Filter>
    </ClInclude>
    <ClInclude Include="Scripts\02-Templates\03-Behavioral\02-Command\Command.h">
      <Filter>02-Templates\03-Behavioral\02-Command</Filter>
    </ClInclude>
    <ClInclude Include="Scripts\02-Templates\03-Behavioral\03-Iterator\Iterator.h">
      <Filter>02-Templates\03-Behavioral\03-Iterator</Filter>
    </ClInclude>
    <ClInclude Include="Scripts\02-Templates\03-Behavioral\04-Mediator\Mediator.h">
      <Filter>02-Templates\03-Behavioral\04-Mediator</Filter>
    </ClInclude>
    <ClInclude Include="Scripts\02-Templates\03-Behavioral\05-Memento\Memento.h">
      <Filter>02-Templates\03-Behavioral\05-Memento</Filter>
    </ClInclude>
    <ClInclude Include="Scripts\02-Templates\03-Behavioral\06-Observer\Observer.h">
      <Filter>02-Templates\03-Behavioral\06-Observer</Filter>
    </ClInclude>
    <ClInclude Include="Scripts\02-Templates\03-Behavioral\07-State\State.h">
      <Filter>02-Templates\03-Behavioral\07-State</Filter>
    </ClInclude>
    <ClInclude Include="Scripts\02-Templates\03-Behavioral\08-Strategy\Strategy.h">
      <Filter>02-Templates\03-Behavioral\08-Strategy</Filter>
    </ClInclude>
    <ClInclude Include="Scripts\02-Templates\03-Behavioral\09-TemplateMethod\TemplateMethod.h">
      <Filter>02-Templates\03-Behavioral\09-TemplateMethod</Filter>
    </ClInclude>
    <ClInclude Include="Scripts\02-Templates\03-Behavioral\10-Visitor\Visitor.h">
      <Filter>02-Templates\03-Behavioral\10-Visitor</Filter>
    </ClInclude>
    <ClInclude Include="Scripts\02-Templates\03-Behavioral\11-Interpreter\Interpreter.h">
      <Filter>02-Templates\03-Behavioral\11-Interpreter</Filter>
    </ClInclude>
  </ItemGroup>
  <ItemGroup>
    <ClCompile Include="..\Dependencies\imgui\imgui.cpp">
      <Filter>_Dependencies\ImGUI</Filter>
    </ClCompile>
    <ClCompile Include="..\Dependencies\imgui\imgui_draw.cpp">
      <Filter>_Dependencies\ImGUI</Filter>
    </ClCompile>
    <ClCompile Include="..\Dependencies\imgui\imgui_impl_sdl.cpp">
      <Filter>_Dependencies\ImGUI</Filter>
    </ClCompile>
    <ClCompile Include="..\Dependencies\imgui\imgui_impl_sdlrenderer.cpp">
      <Filter>_Dependencies\ImGUI</Filter>
    </ClCompile>
    <ClCompile Include="..\Dependencies\imgui\imgui_stdlib.cpp">
      <Filter>_Dependencies\ImGUI</Filter>
    </ClCompile>
    <ClCompile Include="..\Dependencies\imgui\imgui_tables.cpp">
      <Filter>_Dependencies\ImGUI</Filter>
    </ClCompile>
    <ClCompile Include="..\Dependencies\imgui\imgui_widgets.cpp">
      <Filter>_Dependencies\ImGUI</Filter>
    </ClCompile>
    <ClCompile Include="Scripts\Main.cpp" />
    <ClCompile Include="..\Dependencies\imgui\TextEditor.cpp">
      <Filter>_Dependencies\ImGUI</Filter>
    </ClCompile>
    <ClCompile Include="Scripts\01-Framework\Source\Application.cpp">
      <Filter>01-Framework\Source</Filter>
    </ClCompile>
    <ClCompile Include="Scripts\01-Framework\Source\ExampleManager.cpp">
      <Filter>01-Framework\Source</Filter>
    </ClCompile>
    <ClCompile Include="Scripts\01-Framework\Source\ResourceManager.cpp">
      <Filter>01-Framework\Source</Filter>
    </ClCompile>
    <ClCompile Include="Scripts\02-Templates\01-Creational\01-FactoryMethod\FactoryMethod.cpp">
      <Filter>02-Templates\01-Creational\01-FactoryMethod</Filter>
    </ClCompile>
    <ClCompile Include="Scripts\02-Templates\01-Creational\02-AbstractFactory\AbstractFactory.cpp">
      <Filter>02-Templates\01-Creational\02-AbstractFactory</Filter>
    </ClCompile>
    <ClCompile Include="Scripts\02-Templates\01-Creational\03-Builder\Builder.cpp">
      <Filter>02-Templates\01-Creational\03-Builder</Filter>
    </ClCompile>
    <ClCompile Include="Scripts\02-Templates\01-Creational\04-Prototype\Prototype.cpp">
      <Filter>02-Templates\01-Creational\04-Prototype</Filter>
    </ClCompile>
    <ClCompile Include="Scripts\02-Templates\01-Creational\05-Singleton\Singleton.cpp">
      <Filter>02-Templates\01-Creational\05-Singleton</Filter>
    </ClCompile>
    <ClCompile Include="Scripts\02-Templates\02-Structural\01-Adapter\Adapter.cpp">
      <Filter>02-Templates\02-Structural\01-Adapter</Filter>
    </ClCompile>
    <ClCompile Include="Scripts\02-Templates\02-Structural\02-Bridge\Bridge.cpp">
      <Filter>02-Templates\02-Structural\02-Bridge</Filter>
    </ClCompile>
    <ClCompile Include="Scripts\02-Templates\02-Structural\02-Bridge\BridgeEasyX.cpp">
      <Filter>02-Templates\02-Structural\02-Bridge</Filter>
    </ClCompile>
    <ClCompile Include="Scripts\02-Templates\02-Structural\02-Bridge\BridgeRaylib.cpp">
      <Filter>02-Templates\02-Structural\02-Bridge</Filter>
    </ClCompile>
    <ClCompile Include="Scripts\02-Templates\02-Structural\03-Composite\Composite.cpp">
      <Filter>02-Templates\02-Structural\03-Composite</Filter>
    </ClCompile>
    <ClCompile Include="Scripts\02-Templates\02-Structural\04-Decorator\Decorator.cpp">
      <Filter>02-Templates\02-Structural\04-Decorator</Filter>
    </ClCompile>
    <ClCompile Include="Scripts\02-Templates\02-Structural\05-Facade\Facade.cpp">
      <Filter>02-Templates\02-Structural\05-Facade</Filter>
    </ClCompile>
    <ClCompile Include="Scripts\02-Templates\02-Structural\06-Flyweight\Flyweight.cpp">
      <Filter>02-Templates\02-Structural\06-Flyweight</Filter>
    </ClCompile>
    <ClCompile Include="Scripts\02-Templates\02-Structural\07-Proxy\Proxy.cpp">
      <Filter>02-Templates\02-Structural\07-Proxy</Filter>
    </ClCompile>
    <ClCompile Include="Scripts\02-Templates\03-Behavioral\01-ChainOfResonsibility\ChainOfResponsibility.cpp">
      <Filter>02-Templates\03-Behavioral\01-ChainOfResponsibility</Filter>
    </ClCompile>
    <ClCompile Include="Scripts\02-Templates\03-Behavioral\02-Command\Command.cpp">
      <Filter>02-Templates\03-Behavioral\02-Command</Filter>
    </ClCompile>
    <ClCompile Include="Scripts\02-Templates\03-Behavioral\03-Iterator\Iterator.cpp">
      <Filter>02-Templates\03-Behavioral\03-Iterator</Filter>
    </ClCompile>
    <ClCompile Include="Scripts\02-Templates\03-Behavioral\04-Mediator\Mediator.cpp">
      <Filter>02-Templates\03-Behavioral\04-Mediator</Filter>
    </ClCompile>
    <ClCompile Include="Scripts\02-Templates\03-Behavioral\05-Memento\Memento.cpp">
      <Filter>02-Templates\03-Behavioral\05-Memento</Filter>
    </ClCompile>
    <ClCompile Include="Scripts\02-Templates\03-Behavioral\06-Observer\Observer.cpp">
      <Filter>02-Templates\03-Behavioral\06-Observer</Filter>
    </ClCompile>
    <ClCompile Include="Scripts\02-Templates\03-Behavioral\07-State\State.cpp">
      <Filter>02-Templates\03-Behavioral\07-State</Filter>
    </ClCompile>
    <ClCompile Include="Scripts\02-Templates\03-Behavioral\08-Strategy\Strategy.cpp">
      <Filter>02-Templates\03-Behavioral\08-Strategy</Filter>
    </ClCompile>
    <ClCompile Include="Scripts\02-Templates\03-Behavioral\09-TemplateMethod\TemplateMethod.cpp">
      <Filter>02-Templates\03-Behavioral\09-TemplateMethod</Filter>
    </ClCompile>
    <ClCompile Include="Scripts\02-Templates\03-Behavioral\10-Visitor\Visitor.cpp">
      <Filter>02-Templates\03-Behavioral\10-Visitor</Filter>
    </ClCompile>
    <ClCompile Include="Scripts\02-Templates\03-Behavioral\11-Interpreter\Interpreter.cpp">
      <Filter>02-Templates\03-Behavioral\11-Interpreter</Filter>
    </ClCompile>
    <ClCompile Include="Scripts\01-Framework\Source\Animation.cpp">
      <Filter>01-Framework\Source</Filter>
    </ClCompile>
    <ClCompile Include="Scripts\01-Framework\Source\Atlas.cpp">
      <Filter>01-Framework\Source</Filter>
    </ClCompile>
    <ClCompile Include="Scripts\01-Framework\Source\FontWrapper.cpp">
      <Filter>01-Framework\Source</Filter>
    </ClCompile>
    <ClCompile Include="Scripts\01-Framework\Source\Timer.cpp">
      <Filter>01-Framework\Source</Filter>
    </ClCompile>
    <ClCompile Include="Scripts\01-Framework\Source\Vector2.cpp">
      <Filter>01-Framework\Source</Filter>
    </ClCompile>
  </ItemGroup>
</Project>